
Microsoft Visual Studio Solution File, Format Version 12.00
# Visual Studio Version 16
VisualStudioVersion = 16.0.31702.278
MinimumVisualStudioVersion = 10.0.40219.1
Project("{2150E333-8FDC-42A3-9474-1A3956D46DE8}") = "src", "src", "{7FFC395D-1926-4BC1-97C3-35B740CF2DB4}"
EndProject
Project("{9A19103F-16F7-4668-BE54-9A1E7A4F7556}") = "ApplicationCore", "ApplicationCore\ApplicationCore.csproj", "{FB4DAFC9-0BF4-418A-B599-1350124F6027}"
EndProject
Project("{9A19103F-16F7-4668-BE54-9A1E7A4F7556}") = "Infrastructure", "Infrastructure\Infrastructure.csproj", "{F3AFE21A-9851-4298-AD40-93CA68050955}"
EndProject
Project("{9A19103F-16F7-4668-BE54-9A1E7A4F7556}") = "PublicApi", "PublicApi\PublicApi.csproj", "{82D3E894-9A2B-4982-8D1C-521010277259}"
EndProject
Project("{9A19103F-16F7-4668-BE54-9A1E7A4F7556}") = "Web", "ShopOnline\Web.csproj", "{947D93F4-496A-4925-950C-7B64D4F09655}"
EndProject
Global
	GlobalSection(SolutionConfigurationPlatforms) = preSolution
		Debug|Any CPU = Debug|Any CPU
		Release|Any CPU = Release|Any CPU
	EndGlobalSection
	GlobalSection(ProjectConfigurationPlatforms) = postSolution
		{FB4DAFC9-0BF4-418A-B599-1350124F6027}.Debug|Any CPU.ActiveCfg = Debug|Any CPU
		{FB4DAFC9-0BF4-418A-B599-1350124F6027}.Debug|Any CPU.Build.0 = Debug|Any CPU
		{FB4DAFC9-0BF4-418A-B599-1350124F6027}.Release|Any CPU.ActiveCfg = Release|Any CPU
		{FB4DAFC9-0BF4-418A-B599-1350124F6027}.Release|Any CPU.Build.0 = Release|Any CPU
		{F3AFE21A-9851-4298-AD40-93CA68050955}.Debug|Any CPU.ActiveCfg = Debug|Any CPU
		{F3AFE21A-9851-4298-AD40-93CA68050955}.Debug|Any CPU.Build.0 = Debug|Any CPU
		{F3AFE21A-9851-4298-AD40-93CA68050955}.Release|Any CPU.ActiveCfg = Release|Any CPU
		{F3AFE21A-9851-4298-AD40-93CA68050955}.Release|Any CPU.Build.0 = Release|Any CPU
		{82D3E894-9A2B-4982-8D1C-521010277259}.Debug|Any CPU.ActiveCfg = Debug|Any CPU
		{82D3E894-9A2B-4982-8D1C-521010277259}.Debug|Any CPU.Build.0 = Debug|Any CPU
		{82D3E894-9A2B-4982-8D1C-521010277259}.Release|Any CPU.ActiveCfg = Release|Any CPU
		{82D3E894-9A2B-4982-8D1C-521010277259}.Release|Any CPU.Build.0 = Release|Any CPU
		{947D93F4-496A-4925-950C-7B64D4F09655}.Debug|Any CPU.ActiveCfg = Debug|Any CPU
		{947D93F4-496A-4925-950C-7B64D4F09655}.Debug|Any CPU.Build.0 = Debug|Any CPU
		{947D93F4-496A-4925-950C-7B64D4F09655}.Release|Any CPU.ActiveCfg = Release|Any CPU
		{947D93F4-496A-4925-950C-7B64D4F09655}.Release|Any CPU.Build.0 = Release|Any CPU
	EndGlobalSection
	GlobalSection(SolutionProperties) = preSolution
		HideSolutionNode = FALSE
	EndGlobalSection
	GlobalSection(NestedProjects) = preSolution
		{FB4DAFC9-0BF4-418A-B599-1350124F6027} = {7FFC395D-1926-4BC1-97C3-35B740CF2DB4}
		{F3AFE21A-9851-4298-AD40-93CA68050955} = {7FFC395D-1926-4BC1-97C3-35B740CF2DB4}
		{82D3E894-9A2B-4982-8D1C-521010277259} = {7FFC395D-1926-4BC1-97C3-35B740CF2DB4}
		{947D93F4-496A-4925-950C-7B64D4F09655} = {7FFC395D-1926-4BC1-97C3-35B740CF2DB4}
	EndGlobalSection
	GlobalSection(ExtensibilityGlobals) = postSolution
		SolutionGuid = {589328D5-B1E2-435E-93A6-7101B78AFCEF}
	EndGlobalSection
EndGlobal
